{
  "name": "miniprogram",
  "version": "1.0.0",
  "lockfileVersion": 1,
  "requires": true,
  "dependencies": {
    "lonts": {
      "version": "0.1.2",
      "resolved": "https://registry.npmjs.org/lonts/-/lonts-0.1.2.tgz",
      "integrity": "sha512-jaCArJoAsQerFtWT+DY6E6nwotGt0+b63R7F6efciUSkkIDy0LDrXR3jYlw6QquA8dSYxm1YvomAEPweN5tybw=="
    }
  }
}
